
Microsoft Visual Studio Solution File, Format Version 12.00
# Visual Studio Version 17
VisualStudioVersion = 17.6.33829.357
MinimumVisualStudioVersion = 10.0.40219.1
Project("{9A19103F-16F7-4668-BE54-9A1E7A4F7556}") = "PollsAppBlazor.Server", "PollsAppBlazor\Server\PollsAppBlazor.Server.csproj", "{418388F5-70FE-401D-A8D3-60DCD2DEA166}"
EndProject
Project("{9A19103F-16F7-4668-BE54-9A1E7A4F7556}") = "PollsAppBlazor.Client", "PollsAppBlazor\Client\PollsAppBlazor.Client.csproj", "{FDE58B07-7DD7-4BE1-A853-24B92AA444F1}"
EndProject
Project("{9A19103F-16F7-4668-BE54-9A1E7A4F7556}") = "PollsAppBlazor.Shared", "PollsAppBlazor\Shared\PollsAppBlazor.Shared.csproj", "{460CA612-D7DE-4F4D-A6F1-C10AD327DB0C}"
EndProject
Project("{FAE04EC0-301F-11D3-BF4B-00C04F79EFBC}") = "PollsAppBlazor.Application", "PollsAppBlazor.Application\PollsAppBlazor.Application.csproj", "{D5AE7DD6-DBF1-4EC0-B36E-DC27D9864395}"
EndProject
Project("{FAE04EC0-301F-11D3-BF4B-00C04F79EFBC}") = "PollsAppBlazor.DataAccess", "PollsAppBlazor.DataAccess\PollsAppBlazor.DataAccess.csproj", "{9E889069-1099-488E-8C40-9E25B2273BAE}"
EndProject
Project("{2150E333-8FDC-42A3-9474-1A3956D46DE8}") = "Solution Items", "Solution Items", "{02EA681E-C7D8-13C7-8484-4AC65E1B71E8}"
	ProjectSection(SolutionItems) = preProject
		.editorconfig = .editorconfig
	EndProjectSection
EndProject
Global
	GlobalSection(SolutionConfigurationPlatforms) = preSolution
		Debug|Any CPU = Debug|Any CPU
		Release|Any CPU = Release|Any CPU
	EndGlobalSection
	GlobalSection(ProjectConfigurationPlatforms) = postSolution
		{418388F5-70FE-401D-A8D3-60DCD2DEA166}.Debug|Any CPU.ActiveCfg = Debug|Any CPU
		{418388F5-70FE-401D-A8D3-60DCD2DEA166}.Debug|Any CPU.Build.0 = Debug|Any CPU
		{418388F5-70FE-401D-A8D3-60DCD2DEA166}.Release|Any CPU.ActiveCfg = Release|Any CPU
		{418388F5-70FE-401D-A8D3-60DCD2DEA166}.Release|Any CPU.Build.0 = Release|Any CPU
		{FDE58B07-7DD7-4BE1-A853-24B92AA444F1}.Debug|Any CPU.ActiveCfg = Debug|Any CPU
		{FDE58B07-7DD7-4BE1-A853-24B92AA444F1}.Debug|Any CPU.Build.0 = Debug|Any CPU
		{FDE58B07-7DD7-4BE1-A853-24B92AA444F1}.Release|Any CPU.ActiveCfg = Release|Any CPU
		{FDE58B07-7DD7-4BE1-A853-24B92AA444F1}.Release|Any CPU.Build.0 = Release|Any CPU
		{460CA612-D7DE-4F4D-A6F1-C10AD327DB0C}.Debug|Any CPU.ActiveCfg = Debug|Any CPU
		{460CA612-D7DE-4F4D-A6F1-C10AD327DB0C}.Debug|Any CPU.Build.0 = Debug|Any CPU
		{460CA612-D7DE-4F4D-A6F1-C10AD327DB0C}.Release|Any CPU.ActiveCfg = Release|Any CPU
		{460CA612-D7DE-4F4D-A6F1-C10AD327DB0C}.Release|Any CPU.Build.0 = Release|Any CPU
		{D5AE7DD6-DBF1-4EC0-B36E-DC27D9864395}.Debug|Any CPU.ActiveCfg = Debug|Any CPU
		{D5AE7DD6-DBF1-4EC0-B36E-DC27D9864395}.Debug|Any CPU.Build.0 = Debug|Any CPU
		{D5AE7DD6-DBF1-4EC0-B36E-DC27D9864395}.Release|Any CPU.ActiveCfg = Release|Any CPU
		{D5AE7DD6-DBF1-4EC0-B36E-DC27D9864395}.Release|Any CPU.Build.0 = Release|Any CPU
		{9E889069-1099-488E-8C40-9E25B2273BAE}.Debug|Any CPU.ActiveCfg = Debug|Any CPU
		{9E889069-1099-488E-8C40-9E25B2273BAE}.Debug|Any CPU.Build.0 = Debug|Any CPU
		{9E889069-1099-488E-8C40-9E25B2273BAE}.Release|Any CPU.ActiveCfg = Release|Any CPU
		{9E889069-1099-488E-8C40-9E25B2273BAE}.Release|Any CPU.Build.0 = Release|Any CPU
	EndGlobalSection
	GlobalSection(SolutionProperties) = preSolution
		HideSolutionNode = FALSE
	EndGlobalSection
	GlobalSection(ExtensibilityGlobals) = postSolution
		SolutionGuid = {4C796B7A-18E7-42D7-ACA1-CD12386DC2A5}
	EndGlobalSection
EndGlobal
